
Microsoft Visual Studio Solution File, Format Version 12.00
# Visual Studio Version 17
VisualStudioVersion = 17.13.35931.197
MinimumVisualStudioVersion = 10.0.40219.1
Project("{FAE04EC0-301F-11D3-BF4B-00C04F79EFBC}") = "AutentificacionAutorizacion", "AutentificacionAutorizacion\AutentificacionAutorizacion.csproj", "{24577F0C-7E48-49AE-A846-A48351A6BF32}"
EndProject
Project("{FAE04EC0-301F-11D3-BF4B-00C04F79EFBC}") = "AplicacionPrueba", "AplicacionPrueba\AplicacionPrueba.csproj", "{EA25C72C-5248-488A-A597-D142AA0E375B}"
EndProject
Project("{FAE04EC0-301F-11D3-BF4B-00C04F79EFBC}") = "EjemploFormulario", "EjemploFormulario\EjemploFormulario.csproj", "{087DD947-5C35-4B69-91CF-E30FE3586F48}"
EndProject
Project("{FAE04EC0-301F-11D3-BF4B-00C04F79EFBC}") = "EjemploInyeccion", "EjemploInyeccion\EjemploInyeccion.csproj", "{10772FE7-7808-4292-8799-A92AD895D516}"
EndProject
Project("{FAE04EC0-301F-11D3-BF4B-00C04F79EFBC}") = "EjemploPersonasData", "EjemploPersonasData\EjemploPersonasData.csproj", "{4772C879-DC46-475C-8F1F-39A231CBFAC7}"
EndProject
Project("{2150E333-8FDC-42A3-9474-1A3956D46DE8}") = "data_prueba", "data_prueba", "{02EA681E-C7D8-13C7-8484-4AC65E1B71E8}"
EndProject
Global
	GlobalSection(SolutionConfigurationPlatforms) = preSolution
		Debug|Any CPU = Debug|Any CPU
		Release|Any CPU = Release|Any CPU
	EndGlobalSection
	GlobalSection(ProjectConfigurationPlatforms) = postSolution
		{24577F0C-7E48-49AE-A846-A48351A6BF32}.Debug|Any CPU.ActiveCfg = Debug|Any CPU
		{24577F0C-7E48-49AE-A846-A48351A6BF32}.Debug|Any CPU.Build.0 = Debug|Any CPU
		{24577F0C-7E48-49AE-A846-A48351A6BF32}.Release|Any CPU.ActiveCfg = Release|Any CPU
		{24577F0C-7E48-49AE-A846-A48351A6BF32}.Release|Any CPU.Build.0 = Release|Any CPU
		{EA25C72C-5248-488A-A597-D142AA0E375B}.Debug|Any CPU.ActiveCfg = Debug|Any CPU
		{EA25C72C-5248-488A-A597-D142AA0E375B}.Debug|Any CPU.Build.0 = Debug|Any CPU
		{EA25C72C-5248-488A-A597-D142AA0E375B}.Release|Any CPU.ActiveCfg = Release|Any CPU
		{EA25C72C-5248-488A-A597-D142AA0E375B}.Release|Any CPU.Build.0 = Release|Any CPU
		{087DD947-5C35-4B69-91CF-E30FE3586F48}.Debug|Any CPU.ActiveCfg = Debug|Any CPU
		{087DD947-5C35-4B69-91CF-E30FE3586F48}.Debug|Any CPU.Build.0 = Debug|Any CPU
		{087DD947-5C35-4B69-91CF-E30FE3586F48}.Release|Any CPU.ActiveCfg = Release|Any CPU
		{087DD947-5C35-4B69-91CF-E30FE3586F48}.Release|Any CPU.Build.0 = Release|Any CPU
		{10772FE7-7808-4292-8799-A92AD895D516}.Debug|Any CPU.ActiveCfg = Debug|Any CPU
		{10772FE7-7808-4292-8799-A92AD895D516}.Debug|Any CPU.Build.0 = Debug|Any CPU
		{10772FE7-7808-4292-8799-A92AD895D516}.Release|Any CPU.ActiveCfg = Release|Any CPU
		{10772FE7-7808-4292-8799-A92AD895D516}.Release|Any CPU.Build.0 = Release|Any CPU
		{4772C879-DC46-475C-8F1F-39A231CBFAC7}.Debug|Any CPU.ActiveCfg = Debug|Any CPU
		{4772C879-DC46-475C-8F1F-39A231CBFAC7}.Debug|Any CPU.Build.0 = Debug|Any CPU
		{4772C879-DC46-475C-8F1F-39A231CBFAC7}.Release|Any CPU.ActiveCfg = Release|Any CPU
		{4772C879-DC46-475C-8F1F-39A231CBFAC7}.Release|Any CPU.Build.0 = Release|Any CPU
	EndGlobalSection
	GlobalSection(SolutionProperties) = preSolution
		HideSolutionNode = FALSE
	EndGlobalSection
	GlobalSection(NestedProjects) = preSolution
		{4772C879-DC46-475C-8F1F-39A231CBFAC7} = {02EA681E-C7D8-13C7-8484-4AC65E1B71E8}
	EndGlobalSection
	GlobalSection(ExtensibilityGlobals) = postSolution
		SolutionGuid = {697EE42E-E5BA-4EC0-B896-AD32FD2C67D8}
	EndGlobalSection
EndGlobal
